# THIS IS AN AUTOGENERATED FILE. DO NOT EDIT THIS FILE DIRECTLY.
# yarn lockfile v1


"@types/fs-extra@^3.0.3":
  version "3.0.3"
  resolved "https://registry.yarnpkg.com/@types/fs-extra/-/fs-extra-3.0.3.tgz#1d66eb670ebf657e57c0fda014df340c19d8aa0c"
  dependencies:
    "@types/node" "*"

"@types/inquirer@^0.0.34":
  version "0.0.34"
  resolved "https://registry.yarnpkg.com/@types/inquirer/-/inquirer-0.0.34.tgz#7e250ae8d012dad853f5b9e42d45851ca3948597"
  dependencies:
    "@types/rx" "*"
    "@types/through" "*"

"@types/node@*":
  version "8.0.7"
  resolved "https://registry.yarnpkg.com/@types/node/-/node-8.0.7.tgz#fb0ad04b5b6f6eabe0372a32a8f1fbba5c130cae"

"@types/rx-core-binding@*":
  version "4.0.4"
  resolved "https://registry.yarnpkg.com/@types/rx-core-binding/-/rx-core-binding-4.0.4.tgz#d969d32f15a62b89e2862c17b3ee78fe329818d3"
  dependencies:
    "@types/rx-core" "*"

"@types/rx-core@*":
  version "4.0.3"
  resolved "https://registry.yarnpkg.com/@types/rx-core/-/rx-core-4.0.3.tgz#0b3354b1238cedbe2b74f6326f139dbc7a591d60"

"@types/rx-lite-aggregates@*":
  version "4.0.3"
  resolved "https://registry.yarnpkg.com/@types/rx-lite-aggregates/-/rx-lite-aggregates-4.0.3.tgz#6efb2b7f3d5f07183a1cb2bd4b1371d7073384c2"
  dependencies:
    "@types/rx-lite" "*"

"@types/rx-lite-async@*":
  version "4.0.2"
  resolved "https://registry.yarnpkg.com/@types/rx-lite-async/-/rx-lite-async-4.0.2.tgz#27fbf0caeff029f41e2d2aae638b05e91ceb600c"
  dependencies:
    "@types/rx-lite" "*"

"@types/rx-lite-backpressure@*":
  version "4.0.3"
  resolved "https://registry.yarnpkg.com/@types/rx-lite-backpressure/-/rx-lite-backpressure-4.0.3.tgz#05abb19bdf87cc740196c355e5d0b37bb50b5d56"
  dependencies:
    "@types/rx-lite" "*"

"@types/rx-lite-coincidence@*":
  version "4.0.3"
  resolved "https://registry.yarnpkg.com/@types/rx-lite-coincidence/-/rx-lite-coincidence-4.0.3.tgz#80bd69acc4054a15cdc1638e2dc8843498cd85c0"
  dependencies:
    "@types/rx-lite" "*"

"@types/rx-lite-experimental@*":
  version "4.0.1"
  resolved "https://registry.yarnpkg.com/@types/rx-lite-experimental/-/rx-lite-experimental-4.0.1.tgz#c532f5cbdf3f2c15da16ded8930d1b2984023cbd"
  dependencies:
    "@types/rx-lite" "*"

"@types/rx-lite-joinpatterns@*":
  version "4.0.1"
  resolved "https://registry.yarnpkg.com/@types/rx-lite-joinpatterns/-/rx-lite-joinpatterns-4.0.1.tgz#f70fe370518a8432f29158cc92ffb56b4e4afc3e"
  dependencies:
    "@types/rx-lite" "*"

"@types/rx-lite-testing@*":
  version "4.0.1"
  resolved "https://registry.yarnpkg.com/@types/rx-lite-testing/-/rx-lite-testing-4.0.1.tgz#21b19d11f4dfd6ffef5a9d1648e9c8879bfe21e9"
  dependencies:
    "@types/rx-lite-virtualtime" "*"

"@types/rx-lite-time@*":
  version "4.0.3"
  resolved "https://registry.yarnpkg.com/@types/rx-lite-time/-/rx-lite-time-4.0.3.tgz#0eda65474570237598f3448b845d2696f2dbb1c4"
  dependencies:
    "@types/rx-lite" "*"

"@types/rx-lite-virtualtime@*":
  version "4.0.3"
  resolved "https://registry.yarnpkg.com/@types/rx-lite-virtualtime/-/rx-lite-virtualtime-4.0.3.tgz#4b30cacd0fe2e53af29f04f7438584c7d3959537"
  dependencies:
    "@types/rx-lite" "*"

"@types/rx-lite@*":
  version "4.0.4"
  resolved "https://registry.yarnpkg.com/@types/rx-lite/-/rx-lite-4.0.4.tgz#710ebf89d0a2d596c21047d91b1242bcef51c30b"
  dependencies:
    "@types/rx-core" "*"
    "@types/rx-core-binding" "*"

"@types/rx@*":
  version "4.1.1"
  resolved "https://registry.yarnpkg.com/@types/rx/-/rx-4.1.1.tgz#598fc94a56baed975f194574e0f572fd8e627a48"
  dependencies:
    "@types/rx-core" "*"
    "@types/rx-core-binding" "*"
    "@types/rx-lite" "*"
    "@types/rx-lite-aggregates" "*"
    "@types/rx-lite-async" "*"
    "@types/rx-lite-backpressure" "*"
    "@types/rx-lite-coincidence" "*"
    "@types/rx-lite-experimental" "*"
    "@types/rx-lite-joinpatterns" "*"
    "@types/rx-lite-testing" "*"
    "@types/rx-lite-time" "*"
    "@types/rx-lite-virtualtime" "*"

"@types/shelljs@^0.7.0":
  version "0.7.2"
  resolved "https://registry.yarnpkg.com/@types/shelljs/-/shelljs-0.7.2.tgz#c2bdb3fe80cd7a3da08750ca898ae44c589671f3"
  dependencies:
    "@types/node" "*"

"@types/through@*":
  version "0.0.28"
  resolved "https://registry.yarnpkg.com/@types/through/-/through-0.0.28.tgz#1effa9a6d00fb48572b4cc9f44df25b0100db7fc"
  dependencies:
    "@types/node" "*"

"@types/underscore@^1.8.0":
  version "1.8.1"
  resolved "https://registry.yarnpkg.com/@types/underscore/-/underscore-1.8.1.tgz#bf5d680f24277284d4e42fed86bd86e5a59a44a4"

"@vesta/core@^0.2.7", "@vesta/core@^0.2.8":
  version "0.2.9"
  resolved "https://registry.yarnpkg.com/@vesta/core/-/core-0.2.9.tgz#2476e0cbb8de98ee502c7d1570ba56419cc609e7"

"@vesta/culture-us@^0.1.4":
  version "0.1.6"
  resolved "https://registry.yarnpkg.com/@vesta/culture-us/-/culture-us-0.1.6.tgz#652c19169f00648a955b389b2e06a1584e95741e"
  dependencies:
    "@vesta/core" "^0.2.8"

ansi-escapes@^2.0.0:
  version "2.0.0"
  resolved "https://registry.yarnpkg.com/ansi-escapes/-/ansi-escapes-2.0.0.tgz#5bae52be424878dd9783e8910e3fc2922e83c81b"

ansi-regex@^2.0.0:
  version "2.1.1"
  resolved "https://registry.yarnpkg.com/ansi-regex/-/ansi-regex-2.1.1.tgz#c3b33ab5ee360d86e0e628f0468ae7ef27d654df"

ansi-regex@^3.0.0:
  version "3.0.0"
  resolved "https://registry.yarnpkg.com/ansi-regex/-/ansi-regex-3.0.0.tgz#ed0317c322064f79466c02966bddb605ab37d998"

ansi-styles@^2.2.1:
  version "2.2.1"
  resolved "https://registry.yarnpkg.com/ansi-styles/-/ansi-styles-2.2.1.tgz#b432dd3358b634cf75e1e4664368240533c1ddbe"

argparse@^1.0.7:
  version "1.0.9"
  resolved "https://registry.yarnpkg.com/argparse/-/argparse-1.0.9.tgz#73d83bc263f86e97f8cc4f6bae1b0e90a7d22c86"
  dependencies:
    sprintf-js "~1.0.2"

balanced-match@^1.0.0:
  version "1.0.0"
  resolved "https://registry.yarnpkg.com/balanced-match/-/balanced-match-1.0.0.tgz#89b4d199ab2bee49de164ea02b89ce462d71b767"

base32.js@0.0.1:
  version "0.0.1"
  resolved "https://registry.yarnpkg.com/base32.js/-/base32.js-0.0.1.tgz#d045736a57b1f6c139f0c7df42518a84e91bb2ba"

brace-expansion@^1.1.7:
  version "1.1.8"
  resolved "https://registry.yarnpkg.com/brace-expansion/-/brace-expansion-1.1.8.tgz#c07b211c7c952ec1f8efd51a77ef0d1d3990a292"
  dependencies:
    balanced-match "^1.0.0"
    concat-map "0.0.1"

chalk@^1.0.0:
  version "1.1.3"
  resolved "https://registry.yarnpkg.com/chalk/-/chalk-1.1.3.tgz#a8115c55e4a702fe4d150abd3872822a7e09fc98"
  dependencies:
    ansi-styles "^2.2.1"
    escape-string-regexp "^1.0.2"
    has-ansi "^2.0.0"
    strip-ansi "^3.0.0"
    supports-color "^2.0.0"

cli-cursor@^2.1.0:
  version "2.1.0"
  resolved "https://registry.yarnpkg.com/cli-cursor/-/cli-cursor-2.1.0.tgz#b35dac376479facc3e94747d41d0d0f5238ffcb5"
  dependencies:
    restore-cursor "^2.0.0"

cli-width@^2.0.0:
  version "2.1.0"
  resolved "https://registry.yarnpkg.com/cli-width/-/cli-width-2.1.0.tgz#b234ca209b29ef66fc518d9b98d5847b00edf00a"

colors@^1.1.2:
  version "1.1.2"
  resolved "https://registry.yarnpkg.com/colors/-/colors-1.1.2.tgz#168a4701756b6a7f51a12ce0c97bfa28c084ed63"

concat-map@0.0.1:
  version "0.0.1"
  resolved "https://registry.yarnpkg.com/concat-map/-/concat-map-0.0.1.tgz#d8a96bd77fd68df7793a73036a3ba0d5405d477b"

escape-string-regexp@^1.0.2, escape-string-regexp@^1.0.5:
  version "1.0.5"
  resolved "https://registry.yarnpkg.com/escape-string-regexp/-/escape-string-regexp-1.0.5.tgz#1b61c0562190a8dff6ae3bb2cf0200ca130b86d4"

external-editor@^2.0.4:
  version "2.0.4"
  resolved "https://registry.yarnpkg.com/external-editor/-/external-editor-2.0.4.tgz#1ed9199da9cbfe2ef2f7a31b2fde8b0d12368972"
  dependencies:
    iconv-lite "^0.4.17"
    jschardet "^1.4.2"
    tmp "^0.0.31"

figures@^2.0.0:
  version "2.0.0"
  resolved "https://registry.yarnpkg.com/figures/-/figures-2.0.0.tgz#3ab1a2d2a62c8bfb431a0c94cb797a2fce27c962"
  dependencies:
    escape-string-regexp "^1.0.5"

fs-extra@^3.0.1:
  version "3.0.1"
  resolved "https://registry.yarnpkg.com/fs-extra/-/fs-extra-3.0.1.tgz#3794f378c58b342ea7dbbb23095109c4b3b62291"
  dependencies:
    graceful-fs "^4.1.2"
    jsonfile "^3.0.0"
    universalify "^0.1.0"

fs.realpath@^1.0.0:
  version "1.0.0"
  resolved "https://registry.yarnpkg.com/fs.realpath/-/fs.realpath-1.0.0.tgz#1504ad2523158caa40db4a2787cb01411994ea4f"

glob@^7.0.5:
  version "7.1.2"
  resolved "https://registry.yarnpkg.com/glob/-/glob-7.1.2.tgz#c19c9df9a028702d678612384a6552404c636d15"
  dependencies:
    fs.realpath "^1.0.0"
    inflight "^1.0.4"
    inherits "2"
    minimatch "^3.0.4"
    once "^1.3.0"
    path-is-absolute "^1.0.0"

graceful-fs@^4.1.2, graceful-fs@^4.1.6:
  version "4.1.11"
  resolved "https://registry.yarnpkg.com/graceful-fs/-/graceful-fs-4.1.11.tgz#0e8bdfe4d1ddb8854d64e04ea7c00e2a026e5658"

has-ansi@^2.0.0:
  version "2.0.0"
  resolved "https://registry.yarnpkg.com/has-ansi/-/has-ansi-2.0.0.tgz#34f5049ce1ecdf2b0649af3ef24e45ed35416d91"
  dependencies:
    ansi-regex "^2.0.0"

iconv-lite@^0.4.17:
  version "0.4.18"
  resolved "https://registry.yarnpkg.com/iconv-lite/-/iconv-lite-0.4.18.tgz#23d8656b16aae6742ac29732ea8f0336a4789cf2"

inflight@^1.0.4:
  version "1.0.6"
  resolved "https://registry.yarnpkg.com/inflight/-/inflight-1.0.6.tgz#49bd6331d7d02d0c09bc910a1075ba8165b56df9"
  dependencies:
    once "^1.3.0"
    wrappy "1"

inherits@2:
  version "2.0.3"
  resolved "https://registry.yarnpkg.com/inherits/-/inherits-2.0.3.tgz#633c2c83e3da42a502f52466022480f4208261de"

inquirer@^3.1.1:
  version "3.1.1"
  resolved "https://registry.yarnpkg.com/inquirer/-/inquirer-3.1.1.tgz#87621c4fba4072f48a8dd71c9f9df6f100b2d534"
  dependencies:
    ansi-escapes "^2.0.0"
    chalk "^1.0.0"
    cli-cursor "^2.1.0"
    cli-width "^2.0.0"
    external-editor "^2.0.4"
    figures "^2.0.0"
    lodash "^4.3.0"
    mute-stream "0.0.7"
    run-async "^2.2.0"
    rx-lite "^4.0.8"
    rx-lite-aggregates "^4.0.8"
    string-width "^2.0.0"
    strip-ansi "^3.0.0"
    through "^2.3.6"

is-fullwidth-code-point@^2.0.0:
  version "2.0.0"
  resolved "https://registry.yarnpkg.com/is-fullwidth-code-point/-/is-fullwidth-code-point-2.0.0.tgz#a3b30a5c4f199183167aaab93beefae3ddfb654f"

is-promise@^2.1.0:
  version "2.1.0"
  resolved "https://registry.yarnpkg.com/is-promise/-/is-promise-2.1.0.tgz#79a2a9ece7f096e80f36d2b2f3bc16c1ff4bf3fa"

is-root@^1.0.0:
  version "1.0.0"
  resolved "https://registry.yarnpkg.com/is-root/-/is-root-1.0.0.tgz#07b6c233bc394cd9d02ba15c966bd6660d6342d5"

jschardet@^1.4.2:
  version "1.4.2"
  resolved "https://registry.yarnpkg.com/jschardet/-/jschardet-1.4.2.tgz#2aa107f142af4121d145659d44f50830961e699a"

jsonfile@^3.0.0:
  version "3.0.0"
  resolved "https://registry.yarnpkg.com/jsonfile/-/jsonfile-3.0.0.tgz#92e7c7444e5ffd5fa32e6a9ae8b85034df8347d0"
  optionalDependencies:
    graceful-fs "^4.1.6"

lodash@^4.0.0, lodash@^4.3.0:
  version "4.17.4"
  resolved "https://registry.yarnpkg.com/lodash/-/lodash-4.17.4.tgz#78203a4d1c328ae1d86dca6460e369b57f4055ae"

mimic-fn@^1.0.0:
  version "1.1.0"
  resolved "https://registry.yarnpkg.com/mimic-fn/-/mimic-fn-1.1.0.tgz#e667783d92e89dbd342818b5230b9d62a672ad18"

minimatch@^3.0.4:
  version "3.0.4"
  resolved "https://registry.yarnpkg.com/minimatch/-/minimatch-3.0.4.tgz#5166e286457f03306064be5497e8dbb0c3d32083"
  dependencies:
    brace-expansion "^1.1.7"

mute-stream@0.0.7:
  version "0.0.7"
  resolved "https://registry.yarnpkg.com/mute-stream/-/mute-stream-0.0.7.tgz#3075ce93bc21b8fab43e1bc4da7e8115ed1e7bab"

once@^1.3.0:
  version "1.4.0"
  resolved "https://registry.yarnpkg.com/once/-/once-1.4.0.tgz#583b1aa775961d4b113ac17d9c50baef9dd76bd1"
  dependencies:
    wrappy "1"

onetime@^2.0.0:
  version "2.0.1"
  resolved "https://registry.yarnpkg.com/onetime/-/onetime-2.0.1.tgz#067428230fd67443b2794b22bba528b6867962d4"
  dependencies:
    mimic-fn "^1.0.0"

os-tmpdir@~1.0.1:
  version "1.0.2"
  resolved "https://registry.yarnpkg.com/os-tmpdir/-/os-tmpdir-1.0.2.tgz#bbe67406c79aa85c5cfec766fe5734555dfa1274"

path-is-absolute@^1.0.0:
  version "1.0.1"
  resolved "https://registry.yarnpkg.com/path-is-absolute/-/path-is-absolute-1.0.1.tgz#174b9268735534ffbc7ace6bf53a5a9e1b5c5f5f"

restore-cursor@^2.0.0:
  version "2.0.0"
  resolved "https://registry.yarnpkg.com/restore-cursor/-/restore-cursor-2.0.0.tgz#9f7ee287f82fd326d4fd162923d62129eee0dfaf"
  dependencies:
    onetime "^2.0.0"
    signal-exit "^3.0.2"

run-async@^2.2.0:
  version "2.3.0"
  resolved "https://registry.yarnpkg.com/run-async/-/run-async-2.3.0.tgz#0371ab4ae0bdd720d4166d7dfda64ff7a445a6c0"
  dependencies:
    is-promise "^2.1.0"

rx-lite-aggregates@^4.0.8:
  version "4.0.8"
  resolved "https://registry.yarnpkg.com/rx-lite-aggregates/-/rx-lite-aggregates-4.0.8.tgz#753b87a89a11c95467c4ac1626c4efc4e05c67be"
  dependencies:
    rx-lite "*"

rx-lite@*, rx-lite@^4.0.8:
  version "4.0.8"
  resolved "https://registry.yarnpkg.com/rx-lite/-/rx-lite-4.0.8.tgz#0b1e11af8bc44836f04a6407e92da42467b79444"

sax@>=0.6.0:
  version "1.2.4"
  resolved "https://registry.yarnpkg.com/sax/-/sax-1.2.4.tgz#2816234e2378bddc4e5354fab5caa895df7100d9"

signal-exit@^3.0.2:
  version "3.0.2"
  resolved "https://registry.yarnpkg.com/signal-exit/-/signal-exit-3.0.2.tgz#b5fdc08f1287ea1178628e415e25132b73646c6d"

speakeasy@^2.0.0:
  version "2.0.0"
  resolved "https://registry.yarnpkg.com/speakeasy/-/speakeasy-2.0.0.tgz#85c91a071b09a5cb8642590d983566165f57613a"
  dependencies:
    base32.js "0.0.1"

sprintf-js@~1.0.2:
  version "1.0.3"
  resolved "https://registry.yarnpkg.com/sprintf-js/-/sprintf-js-1.0.3.tgz#04e6926f662895354f3dd015203633b857297e2c"

string-width@^2.0.0:
  version "2.1.0"
  resolved "https://registry.yarnpkg.com/string-width/-/string-width-2.1.0.tgz#030664561fc146c9423ec7d978fe2457437fe6d0"
  dependencies:
    is-fullwidth-code-point "^2.0.0"
    strip-ansi "^4.0.0"

strip-ansi@^3.0.0:
  version "3.0.1"
  resolved "https://registry.yarnpkg.com/strip-ansi/-/strip-ansi-3.0.1.tgz#6a385fb8853d952d5ff05d0e8aaf94278dc63dcf"
  dependencies:
    ansi-regex "^2.0.0"

strip-ansi@^4.0.0:
  version "4.0.0"
  resolved "https://registry.yarnpkg.com/strip-ansi/-/strip-ansi-4.0.0.tgz#a8479022eb1ac368a871389b635262c505ee368f"
  dependencies:
    ansi-regex "^3.0.0"

supports-color@^2.0.0:
  version "2.0.0"
  resolved "https://registry.yarnpkg.com/supports-color/-/supports-color-2.0.0.tgz#535d045ce6b6363fa40117084629995e9df324c7"

through@^2.3.6:
  version "2.3.8"
  resolved "https://registry.yarnpkg.com/through/-/through-2.3.8.tgz#0dd4c9ffaabc357960b1b724115d7e0e86a2e1f5"

tmp@^0.0.31:
  version "0.0.31"
  resolved "https://registry.yarnpkg.com/tmp/-/tmp-0.0.31.tgz#8f38ab9438e17315e5dbd8b3657e8bfb277ae4a7"
  dependencies:
    os-tmpdir "~1.0.1"

typescript@^2.3.4:
  version "2.4.1"
  resolved "https://registry.yarnpkg.com/typescript/-/typescript-2.4.1.tgz#c3ccb16ddaa0b2314de031e7e6fee89e5ba346bc"

universalify@^0.1.0:
  version "0.1.0"
  resolved "https://registry.yarnpkg.com/universalify/-/universalify-0.1.0.tgz#9eb1c4651debcc670cc94f1a75762332bb967778"

wrappy@1:
  version "1.0.2"
  resolved "https://registry.yarnpkg.com/wrappy/-/wrappy-1.0.2.tgz#b5243d8f3ec1aa35f1364605bc0d1036e30ab69f"

xml-to-json@^0.1.1:
  version "0.1.1"
  resolved "https://registry.yarnpkg.com/xml-to-json/-/xml-to-json-0.1.1.tgz#1f01b3cc02c5c33a3d057342218bb91d961b622e"
  dependencies:
    xml2js "~0.4.1"

xml2js@~0.4.1:
  version "0.4.17"
  resolved "https://registry.yarnpkg.com/xml2js/-/xml2js-0.4.17.tgz#17be93eaae3f3b779359c795b419705a8817e868"
  dependencies:
    sax ">=0.6.0"
    xmlbuilder "^4.1.0"

xmlbuilder@^4.1.0:
  version "4.2.1"
  resolved "https://registry.yarnpkg.com/xmlbuilder/-/xmlbuilder-4.2.1.tgz#aa58a3041a066f90eaa16c2f5389ff19f3f461a5"
  dependencies:
    lodash "^4.0.0"

yamljs@^0.2.8:
  version "0.2.10"
  resolved "https://registry.yarnpkg.com/yamljs/-/yamljs-0.2.10.tgz#481cc7c25ca73af59f591f0c96e3ce56c757a40f"
  dependencies:
    argparse "^1.0.7"
    glob "^7.0.5"
